
Microsoft Visual Studio Solution File, Format Version 12.00
# Visual Studio Version 16
VisualStudioVersion = 16.0.29326.143
MinimumVisualStudioVersion = 10.0.40219.1
Project("{8BC9CEB8-8B4A-11D0-8D11-00A0C91BC942}") = "5.34", "5.34\5.34.vcxproj", "{000C122F-8B0B-4230-AAE1-3E1DD3EB561F}"
EndProject
Global
	GlobalSection(SolutionConfigurationPlatforms) = preSolution
		Debug|x64 = Debug|x64
		Debug|x86 = Debug|x86
		Release|x64 = Release|x64
		Release|x86 = Release|x86
	EndGlobalSection
	GlobalSection(ProjectConfigurationPlatforms) = postSolution
		{000C122F-8B0B-4230-AAE1-3E1DD3EB561F}.Debug|x64.ActiveCfg = Debug|x64
		{000C122F-8B0B-4230-AAE1-3E1DD3EB561F}.Debug|x64.Build.0 = Debug|x64
		{000C122F-8B0B-4230-AAE1-3E1DD3EB561F}.Debug|x86.ActiveCfg = Debug|Win32
		{000C122F-8B0B-4230-AAE1-3E1DD3EB561F}.Debug|x86.Build.0 = Debug|Win32
		{000C122F-8B0B-4230-AAE1-3E1DD3EB561F}.Release|x64.ActiveCfg = Release|x64
		{000C122F-8B0B-4230-AAE1-3E1DD3EB561F}.Release|x64.Build.0 = Release|x64
		{000C122F-8B0B-4230-AAE1-3E1DD3EB561F}.Release|x86.ActiveCfg = Release|Win32
		{000C122F-8B0B-4230-AAE1-3E1DD3EB561F}.Release|x86.Build.0 = Release|Win32
	EndGlobalSection
	GlobalSection(SolutionProperties) = preSolution
		HideSolutionNode = FALSE
	EndGlobalSection
	GlobalSection(ExtensibilityGlobals) = postSolution
		SolutionGuid = {EB98F4AF-BA7F-4FBA-BED3-996B16A28967}
	EndGlobalSection
EndGlobal
